
Microsoft Visual Studio Solution File, Format Version 12.00
# Visual Studio Version 16
VisualStudioVersion = 16.0.29911.84
MinimumVisualStudioVersion = 10.0.40219.1
Project("{FAE04EC0-301F-11D3-BF4B-00C04F79EFBC}") = "Laborator7_2", "Laborator7_2\Laborator7_2.csproj", "{B74E968C-DBDA-480C-9F40-487BA0D2D18A}"
EndProject
Global
	GlobalSection(SolutionConfigurationPlatforms) = preSolution
		Debug|Any CPU = Debug|Any CPU
		Release|Any CPU = Release|Any CPU
	EndGlobalSection
	GlobalSection(ProjectConfigurationPlatforms) = postSolution
		{B74E968C-DBDA-480C-9F40-487BA0D2D18A}.Debug|Any CPU.ActiveCfg = Debug|Any CPU
		{B74E968C-DBDA-480C-9F40-487BA0D2D18A}.Debug|Any CPU.Build.0 = Debug|Any CPU
		{B74E968C-DBDA-480C-9F40-487BA0D2D18A}.Release|Any CPU.ActiveCfg = Release|Any CPU
		{B74E968C-DBDA-480C-9F40-487BA0D2D18A}.Release|Any CPU.Build.0 = Release|Any CPU
	EndGlobalSection
	GlobalSection(SolutionProperties) = preSolution
		HideSolutionNode = FALSE
	EndGlobalSection
	GlobalSection(ExtensibilityGlobals) = postSolution
		SolutionGuid = {20149CEA-BF82-4F6A-A655-91A214A01F50}
	EndGlobalSection
EndGlobal
